
Microsoft Visual Studio Solution File, Format Version 11.00
# Visual Studio 2010
Project("{FAE04EC0-301F-11D3-BF4B-00C04F79EFBC}") = "Assembly-CSharp", "Assembly-CSharp.csproj", "{B1042023-D0A8-EB42-3FF9-C5C8A0C50994}"
EndProject
Project("{FAE04EC0-301F-11D3-BF4B-00C04F79EFBC}") = "Assembly-CSharp-Editor", "Assembly-CSharp-Editor.csproj", "{505AAD75-F4E9-849F-F2D2-9EFA40E494A2}"
EndProject
Global
	GlobalSection(SolutionConfigurationPlatforms) = preSolution
		Debug|Any CPU = Debug|Any CPU
		Release|Any CPU = Release|Any CPU
	EndGlobalSection
	GlobalSection(ProjectConfigurationPlatforms) = postSolution
		{B1042023-D0A8-EB42-3FF9-C5C8A0C50994}.Debug|Any CPU.ActiveCfg = Debug|Any CPU
		{B1042023-D0A8-EB42-3FF9-C5C8A0C50994}.Debug|Any CPU.Build.0 = Debug|Any CPU
		{B1042023-D0A8-EB42-3FF9-C5C8A0C50994}.Release|Any CPU.ActiveCfg = Release|Any CPU
		{B1042023-D0A8-EB42-3FF9-C5C8A0C50994}.Release|Any CPU.Build.0 = Release|Any CPU
		{505AAD75-F4E9-849F-F2D2-9EFA40E494A2}.Debug|Any CPU.ActiveCfg = Debug|Any CPU
		{505AAD75-F4E9-849F-F2D2-9EFA40E494A2}.Debug|Any CPU.Build.0 = Debug|Any CPU
		{505AAD75-F4E9-849F-F2D2-9EFA40E494A2}.Release|Any CPU.ActiveCfg = Release|Any CPU
		{505AAD75-F4E9-849F-F2D2-9EFA40E494A2}.Release|Any CPU.Build.0 = Release|Any CPU
	EndGlobalSection
	GlobalSection(SolutionProperties) = preSolution
		HideSolutionNode = FALSE
	EndGlobalSection
EndGlobal
